// !$*UTF8*$!
{
	archiveVersion = 1;
	classes = {
	};
	objectVersion = 50;
	objects = {

/* Begin PBXBuildFile section */
		D9645646240D535B00F99C64 /* AppDelegate.swift in Sources */ = {isa = PBXBuildFile; fileRef = D9645645240D535B00F99C64 /* AppDelegate.swift */; };
		D964564D240D535B00F99C64 /* Main.storyboard in Resources */ = {isa = PBXBuildFile; fileRef = D964564B240D535B00F99C64 /* Main.storyboard */; };
		D964564F240D535C00F99C64 /* Assets.xcassets in Resources */ = {isa = PBXBuildFile; fileRef = D964564E240D535C00F99C64 /* Assets.xcassets */; };
		D9645652240D535C00F99C64 /* LaunchScreen.storyboard in Resources */ = {isa = PBXBuildFile; fileRef = D9645650240D535C00F99C64 /* LaunchScreen.storyboard */; };
		D964567C240D9D0900F99C64 /* CVListViewController.swift in Sources */ = {isa = PBXBuildFile; fileRef = D964567B240D9D0900F99C64 /* CVListViewController.swift */; };
		D964567E240D9D6900F99C64 /* CVListViewModel.swift in Sources */ = {isa = PBXBuildFile; fileRef = D964567D240D9D6900F99C64 /* CVListViewModel.swift */; };
		D9645681240E5D0C00F99C64 /* CV.swift in Sources */ = {isa = PBXBuildFile; fileRef = D9645680240E5D0C00F99C64 /* CV.swift */; };
		D9645683240E5D5600F99C64 /* WorkEntry.swift in Sources */ = {isa = PBXBuildFile; fileRef = D9645682240E5D5600F99C64 /* WorkEntry.swift */; };
		D9645685240E5D6F00F99C64 /* Person.swift in Sources */ = {isa = PBXBuildFile; fileRef = D9645684240E5D6F00F99C64 /* Person.swift */; };
		D9645687240E5D8700F99C64 /* Skill.swift in Sources */ = {isa = PBXBuildFile; fileRef = D9645686240E5D8700F99C64 /* Skill.swift */; };
		D9645689240E5DA100F99C64 /* Course.swift in Sources */ = {isa = PBXBuildFile; fileRef = D9645688240E5DA100F99C64 /* Course.swift */; };
		D964568B240E5DA800F99C64 /* Training.swift in Sources */ = {isa = PBXBuildFile; fileRef = D964568A240E5DA800F99C64 /* Training.swift */; };
		D964568D240E6A4700F99C64 /* CVAPI.swift in Sources */ = {isa = PBXBuildFile; fileRef = D964568C240E6A4700F99C64 /* CVAPI.swift */; };
		D964568F240E6ADD00F99C64 /* CVGistService.swift in Sources */ = {isa = PBXBuildFile; fileRef = D964568E240E6ADD00F99C64 /* CVGistService.swift */; };
		D9645691240E6DB100F99C64 /* URLs.swift in Sources */ = {isa = PBXBuildFile; fileRef = D9645690240E6DB100F99C64 /* URLs.swift */; };
		D9645693240E732900F99C64 /* CVListResponse.swift in Sources */ = {isa = PBXBuildFile; fileRef = D9645692240E732900F99C64 /* CVListResponse.swift */; };
		D9645695240E75EB00F99C64 /* DateFormatter+Extensions.swift in Sources */ = {isa = PBXBuildFile; fileRef = D9645694240E75EB00F99C64 /* DateFormatter+Extensions.swift */; };
		D9645697240E836600F99C64 /* CVLocalService.swift in Sources */ = {isa = PBXBuildFile; fileRef = D9645696240E836600F99C64 /* CVLocalService.swift */; };
		D9645699240E839400F99C64 /* LocalCVList.json in Resources */ = {isa = PBXBuildFile; fileRef = D9645698240E839400F99C64 /* LocalCVList.json */; };
		D964569C240E975A00F99C64 /* CVListCell.swift in Sources */ = {isa = PBXBuildFile; fileRef = D964569B240E975A00F99C64 /* CVListCell.swift */; };
		D964569E240E9BCE00F99C64 /* CVDetailsViewController.swift in Sources */ = {isa = PBXBuildFile; fileRef = D964569D240E9BCE00F99C64 /* CVDetailsViewController.swift */; };
		D96456A0240E9BE400F99C64 /* CVDetailsViewModel.swift in Sources */ = {isa = PBXBuildFile; fileRef = D964569F240E9BE400F99C64 /* CVDetailsViewModel.swift */; };
		D96456A2240E9C9600F99C64 /* AppRouter.swift in Sources */ = {isa = PBXBuildFile; fileRef = D96456A1240E9C9600F99C64 /* AppRouter.swift */; };
		D96456A6240FBB6E00F99C64 /* CVDetailCell.swift in Sources */ = {isa = PBXBuildFile; fileRef = D96456A5240FBB6E00F99C64 /* CVDetailCell.swift */; };
		D96456A8240FBCA300F99C64 /* CellDisplayable.swift in Sources */ = {isa = PBXBuildFile; fileRef = D96456A7240FBCA300F99C64 /* CellDisplayable.swift */; };
		D96456AA240FBFEC00F99C64 /* CellDisplayableViewModel.swift in Sources */ = {isa = PBXBuildFile; fileRef = D96456A9240FBFEC00F99C64 /* CellDisplayableViewModel.swift */; };
		D96456AC240FF84400F99C64 /* Date+Extensions.swift in Sources */ = {isa = PBXBuildFile; fileRef = D96456AB240FF84400F99C64 /* Date+Extensions.swift */; };
		D96456AE240FFD9C00F99C64 /* UIImageView+Extensions.swift in Sources */ = {isa = PBXBuildFile; fileRef = D96456AD240FFD9C00F99C64 /* UIImageView+Extensions.swift */; };
		D969F15924104EEF00F42375 /* CVDetailsViewModelTests.swift in Sources */ = {isa = PBXBuildFile; fileRef = D969F15824104EEF00F42375 /* CVDetailsViewModelTests.swift */; };
		D969F15B241060D500F42375 /* ExampleCourse.json in Resources */ = {isa = PBXBuildFile; fileRef = D969F15A241060D500F42375 /* ExampleCourse.json */; };
		D969F15D241060FB00F42375 /* Course+Tests.swift in Sources */ = {isa = PBXBuildFile; fileRef = D969F15C241060FB00F42375 /* Course+Tests.swift */; };
		D969F15F2410615E00F42375 /* CourseTests.swift in Sources */ = {isa = PBXBuildFile; fileRef = D969F15E2410615E00F42375 /* CourseTests.swift */; };
		D969F160241061B400F42375 /* ExampleCourse.json in Resources */ = {isa = PBXBuildFile; fileRef = D969F15A241060D500F42375 /* ExampleCourse.json */; };
		D969F162241062C800F42375 /* ExampleTraining.json in Resources */ = {isa = PBXBuildFile; fileRef = D969F161241062C800F42375 /* ExampleTraining.json */; };
		D969F163241062C800F42375 /* ExampleTraining.json in Resources */ = {isa = PBXBuildFile; fileRef = D969F161241062C800F42375 /* ExampleTraining.json */; };
		D969F165241062F000F42375 /* Training+Tests.swift in Sources */ = {isa = PBXBuildFile; fileRef = D969F164241062F000F42375 /* Training+Tests.swift */; };
		D969F1672410634800F42375 /* TrainingTests.swift in Sources */ = {isa = PBXBuildFile; fileRef = D969F1662410634800F42375 /* TrainingTests.swift */; };
		D969F16A2410F2D000F42375 /* Localizable.strings in Resources */ = {isa = PBXBuildFile; fileRef = D969F16C2410F2D000F42375 /* Localizable.strings */; };
		D969F16E2410F35300F42375 /* String+Localized.swift in Sources */ = {isa = PBXBuildFile; fileRef = D969F16D2410F35300F42375 /* String+Localized.swift */; };
		D98697D024100C6F00C58956 /* CVAPITests.swift in Sources */ = {isa = PBXBuildFile; fileRef = D98697CF24100C6F00C58956 /* CVAPITests.swift */; };
		D98697D124100D0C00C58956 /* LocalCVList.json in Resources */ = {isa = PBXBuildFile; fileRef = D9645698240E839400F99C64 /* LocalCVList.json */; };
		D98697D32410148400C58956 /* CV+Tests.swift in Sources */ = {isa = PBXBuildFile; fileRef = D98697D22410148400C58956 /* CV+Tests.swift */; };
		D98697D5241015AC00C58956 /* CVTests.swift in Sources */ = {isa = PBXBuildFile; fileRef = D98697D4241015AC00C58956 /* CVTests.swift */; };
		D98697D7241015F700C58956 /* CVOnlyPerson.json in Resources */ = {isa = PBXBuildFile; fileRef = D98697D6241015F700C58956 /* CVOnlyPerson.json */; };
		D98697D924101A5300C58956 /* CVOnlyPerson.json in Resources */ = {isa = PBXBuildFile; fileRef = D98697D6241015F700C58956 /* CVOnlyPerson.json */; };
		D98697DC24101B2D00C58956 /* FileDeserialiser.swift in Sources */ = {isa = PBXBuildFile; fileRef = D98697DB24101B2D00C58956 /* FileDeserialiser.swift */; };
		D98697DF24101BCC00C58956 /* WorkEntry+Tests.swift in Sources */ = {isa = PBXBuildFile; fileRef = D98697DE24101BCC00C58956 /* WorkEntry+Tests.swift */; };
		D98697E124101C4900C58956 /* ExampleWorkEntry.json in Resources */ = {isa = PBXBuildFile; fileRef = D98697E024101C4900C58956 /* ExampleWorkEntry.json */; };
		D98697E224101D3700C58956 /* ExampleWorkEntry.json in Resources */ = {isa = PBXBuildFile; fileRef = D98697E024101C4900C58956 /* ExampleWorkEntry.json */; };
		D98697E424101D4900C58956 /* WorkEntryTests.swift in Sources */ = {isa = PBXBuildFile; fileRef = D98697E324101D4900C58956 /* WorkEntryTests.swift */; };
		D98697E624103CF000C58956 /* CVListViewModelTests.swift in Sources */ = {isa = PBXBuildFile; fileRef = D98697E524103CF000C58956 /* CVListViewModelTests.swift */; };
/* End PBXBuildFile section */

/* Begin PBXContainerItemProxy section */
		D9645659240D535C00F99C64 /* PBXContainerItemProxy */ = {
			isa = PBXContainerItemProxy;
			containerPortal = D964563A240D535B00F99C64 /* Project object */;
			proxyType = 1;
			remoteGlobalIDString = D9645641240D535B00F99C64;
			remoteInfo = CV;
		};
/* End PBXContainerItemProxy section */

/* Begin PBXFileReference section */
		D9645642240D535B00F99C64 /* CV.app */ = {isa = PBXFileReference; explicitFileType = wrapper.application; includeInIndex = 0; path = CV.app; sourceTree = BUILT_PRODUCTS_DIR; };
		D9645645240D535B00F99C64 /* AppDelegate.swift */ = {isa = PBXFileReference; lastKnownFileType = sourcecode.swift; path = AppDelegate.swift; sourceTree = "<group>"; };
		D964564C240D535B00F99C64 /* Base */ = {isa = PBXFileReference; lastKnownFileType = file.storyboard; name = Base; path = Base.lproj/Main.storyboard; sourceTree = "<group>"; };
		D964564E240D535C00F99C64 /* Assets.xcassets */ = {isa = PBXFileReference; lastKnownFileType = folder.assetcatalog; path = Assets.xcassets; sourceTree = "<group>"; };
		D9645651240D535C00F99C64 /* Base */ = {isa = PBXFileReference; lastKnownFileType = file.storyboard; name = Base; path = Base.lproj/LaunchScreen.storyboard; sourceTree = "<group>"; };
		D9645653240D535C00F99C64 /* Info.plist */ = {isa = PBXFileReference; lastKnownFileType = text.plist.xml; path = Info.plist; sourceTree = "<group>"; };
		D9645658240D535C00F99C64 /* CVTests.xctest */ = {isa = PBXFileReference; explicitFileType = wrapper.cfbundle; includeInIndex = 0; path = CVTests.xctest; sourceTree = BUILT_PRODUCTS_DIR; };
		D964565E240D535C00F99C64 /* Info.plist */ = {isa = PBXFileReference; lastKnownFileType = text.plist.xml; path = Info.plist; sourceTree = "<group>"; };
		D964567B240D9D0900F99C64 /* CVListViewController.swift */ = {isa = PBXFileReference; lastKnownFileType = sourcecode.swift; path = CVListViewController.swift; sourceTree = "<group>"; };
		D964567D240D9D6900F99C64 /* CVListViewModel.swift */ = {isa = PBXFileReference; lastKnownFileType = sourcecode.swift; path = CVListViewModel.swift; sourceTree = "<group>"; };
		D9645680240E5D0C00F99C64 /* CV.swift */ = {isa = PBXFileReference; lastKnownFileType = sourcecode.swift; path = CV.swift; sourceTree = "<group>"; };
		D9645682240E5D5600F99C64 /* WorkEntry.swift */ = {isa = PBXFileReference; lastKnownFileType = sourcecode.swift; path = WorkEntry.swift; sourceTree = "<group>"; };
		D9645684240E5D6F00F99C64 /* Person.swift */ = {isa = PBXFileReference; lastKnownFileType = sourcecode.swift; path = Person.swift; sourceTree = "<group>"; };
		D9645686240E5D8700F99C64 /* Skill.swift */ = {isa = PBXFileReference; lastKnownFileType = sourcecode.swift; path = Skill.swift; sourceTree = "<group>"; };
		D9645688240E5DA100F99C64 /* Course.swift */ = {isa = PBXFileReference; lastKnownFileType = sourcecode.swift; path = Course.swift; sourceTree = "<group>"; };
		D964568A240E5DA800F99C64 /* Training.swift */ = {isa = PBXFileReference; lastKnownFileType = sourcecode.swift; path = Training.swift; sourceTree = "<group>"; };
		D964568C240E6A4700F99C64 /* CVAPI.swift */ = {isa = PBXFileReference; lastKnownFileType = sourcecode.swift; path = CVAPI.swift; sourceTree = "<group>"; };
		D964568E240E6ADD00F99C64 /* CVGistService.swift */ = {isa = PBXFileReference; lastKnownFileType = sourcecode.swift; path = CVGistService.swift; sourceTree = "<group>"; };
		D9645690240E6DB100F99C64 /* URLs.swift */ = {isa = PBXFileReference; lastKnownFileType = sourcecode.swift; path = URLs.swift; sourceTree = "<group>"; };
		D9645692240E732900F99C64 /* CVListResponse.swift */ = {isa = PBXFileReference; lastKnownFileType = sourcecode.swift; path = CVListResponse.swift; sourceTree = "<group>"; };
		D9645694240E75EB00F99C64 /* DateFormatter+Extensions.swift */ = {isa = PBXFileReference; lastKnownFileType = sourcecode.swift; path = "DateFormatter+Extensions.swift"; sourceTree = "<group>"; };
		D9645696240E836600F99C64 /* CVLocalService.swift */ = {isa = PBXFileReference; lastKnownFileType = sourcecode.swift; path = CVLocalService.swift; sourceTree = "<group>"; };
		D9645698240E839400F99C64 /* LocalCVList.json */ = {isa = PBXFileReference; lastKnownFileType = text.json; path = LocalCVList.json; sourceTree = "<group>"; };
		D964569B240E975A00F99C64 /* CVListCell.swift */ = {isa = PBXFileReference; lastKnownFileType = sourcecode.swift; path = CVListCell.swift; sourceTree = "<group>"; };
		D964569D240E9BCE00F99C64 /* CVDetailsViewController.swift */ = {isa = PBXFileReference; lastKnownFileType = sourcecode.swift; path = CVDetailsViewController.swift; sourceTree = "<group>"; };
		D964569F240E9BE400F99C64 /* CVDetailsViewModel.swift */ = {isa = PBXFileReference; lastKnownFileType = sourcecode.swift; path = CVDetailsViewModel.swift; sourceTree = "<group>"; };
		D96456A1240E9C9600F99C64 /* AppRouter.swift */ = {isa = PBXFileReference; lastKnownFileType = sourcecode.swift; path = AppRouter.swift; sourceTree = "<group>"; };
		D96456A5240FBB6E00F99C64 /* CVDetailCell.swift */ = {isa = PBXFileReference; lastKnownFileType = sourcecode.swift; path = CVDetailCell.swift; sourceTree = "<group>"; };
		D96456A7240FBCA300F99C64 /* CellDisplayable.swift */ = {isa = PBXFileReference; lastKnownFileType = sourcecode.swift; path = CellDisplayable.swift; sourceTree = "<group>"; };
		D96456A9240FBFEC00F99C64 /* CellDisplayableViewModel.swift */ = {isa = PBXFileReference; lastKnownFileType = sourcecode.swift; path = CellDisplayableViewModel.swift; sourceTree = "<group>"; };
		D96456AB240FF84400F99C64 /* Date+Extensions.swift */ = {isa = PBXFileReference; lastKnownFileType = sourcecode.swift; path = "Date+Extensions.swift"; sourceTree = "<group>"; };
		D96456AD240FFD9C00F99C64 /* UIImageView+Extensions.swift */ = {isa = PBXFileReference; lastKnownFileType = sourcecode.swift; path = "UIImageView+Extensions.swift"; sourceTree = "<group>"; };
		D969F15824104EEF00F42375 /* CVDetailsViewModelTests.swift */ = {isa = PBXFileReference; lastKnownFileType = sourcecode.swift; path = CVDetailsViewModelTests.swift; sourceTree = "<group>"; };
		D969F15A241060D500F42375 /* ExampleCourse.json */ = {isa = PBXFileReference; lastKnownFileType = text.json; path = ExampleCourse.json; sourceTree = "<group>"; };
		D969F15C241060FB00F42375 /* Course+Tests.swift */ = {isa = PBXFileReference; lastKnownFileType = sourcecode.swift; path = "Course+Tests.swift"; sourceTree = "<group>"; };
		D969F15E2410615E00F42375 /* CourseTests.swift */ = {isa = PBXFileReference; lastKnownFileType = sourcecode.swift; path = CourseTests.swift; sourceTree = "<group>"; };
		D969F161241062C800F42375 /* ExampleTraining.json */ = {isa = PBXFileReference; lastKnownFileType = text.json; path = ExampleTraining.json; sourceTree = "<group>"; };
		D969F164241062F000F42375 /* Training+Tests.swift */ = {isa = PBXFileReference; lastKnownFileType = sourcecode.swift; path = "Training+Tests.swift"; sourceTree = "<group>"; };
		D969F1662410634800F42375 /* TrainingTests.swift */ = {isa = PBXFileReference; lastKnownFileType = sourcecode.swift; path = TrainingTests.swift; sourceTree = "<group>"; };
		D969F16B2410F2D000F42375 /* en */ = {isa = PBXFileReference; lastKnownFileType = text.plist.strings; name = en; path = en.lproj/Localizable.strings; sourceTree = "<group>"; };
		D969F16D2410F35300F42375 /* String+Localized.swift */ = {isa = PBXFileReference; lastKnownFileType = sourcecode.swift; path = "String+Localized.swift"; sourceTree = "<group>"; };
		D98697CF24100C6F00C58956 /* CVAPITests.swift */ = {isa = PBXFileReference; lastKnownFileType = sourcecode.swift; path = CVAPITests.swift; sourceTree = "<group>"; };
		D98697D22410148400C58956 /* CV+Tests.swift */ = {isa = PBXFileReference; lastKnownFileType = sourcecode.swift; path = "CV+Tests.swift"; sourceTree = "<group>"; };
		D98697D4241015AC00C58956 /* CVTests.swift */ = {isa = PBXFileReference; lastKnownFileType = sourcecode.swift; path = CVTests.swift; sourceTree = "<group>"; };
		D98697D6241015F700C58956 /* CVOnlyPerson.json */ = {isa = PBXFileReference; lastKnownFileType = text.json; path = CVOnlyPerson.json; sourceTree = "<group>"; };
		D98697DB24101B2D00C58956 /* FileDeserialiser.swift */ = {isa = PBXFileReference; lastKnownFileType = sourcecode.swift; path = FileDeserialiser.swift; sourceTree = "<group>"; };
		D98697DE24101BCC00C58956 /* WorkEntry+Tests.swift */ = {isa = PBXFileReference; lastKnownFileType = sourcecode.swift; path = "WorkEntry+Tests.swift"; sourceTree = "<group>"; };
		D98697E024101C4900C58956 /* ExampleWorkEntry.json */ = {isa = PBXFileReference; lastKnownFileType = text.json; path = ExampleWorkEntry.json; sourceTree = "<group>"; };
		D98697E324101D4900C58956 /* WorkEntryTests.swift */ = {isa = PBXFileReference; lastKnownFileType = sourcecode.swift; path = WorkEntryTests.swift; sourceTree = "<group>"; };
		D98697E524103CF000C58956 /* CVListViewModelTests.swift */ = {isa = PBXFileReference; lastKnownFileType = sourcecode.swift; path = CVListViewModelTests.swift; sourceTree = "<group>"; };
/* End PBXFileReference section */

/* Begin PBXFrameworksBuildPhase section */
		D964563F240D535B00F99C64 /* Frameworks */ = {
			isa = PBXFrameworksBuildPhase;
			buildActionMask = 2147483647;
			files = (
			);
			runOnlyForDeploymentPostprocessing = 0;
		};
		D9645655240D535C00F99C64 /* Frameworks */ = {
			isa = PBXFrameworksBuildPhase;
			buildActionMask = 2147483647;
			files = (
			);
			runOnlyForDeploymentPostprocessing = 0;
		};
/* End PBXFrameworksBuildPhase section */

/* Begin PBXGroup section */
		D9645639240D535B00F99C64 = {
			isa = PBXGroup;
			children = (
				D9645644240D535B00F99C64 /* CV */,
				D964565B240D535C00F99C64 /* CVTests */,
				D9645643240D535B00F99C64 /* Products */,
			);
			sourceTree = "<group>";
		};
		D9645643240D535B00F99C64 /* Products */ = {
			isa = PBXGroup;
			children = (
				D9645642240D535B00F99C64 /* CV.app */,
				D9645658240D535C00F99C64 /* CVTests.xctest */,
			);
			name = Products;
			sourceTree = "<group>";
		};
		D9645644240D535B00F99C64 /* CV */ = {
			isa = PBXGroup;
			children = (
				D9645676240D965100F99C64 /* Modules */,
				D964567F240E5CF000F99C64 /* Models */,
				D9645677240D965700F99C64 /* ViewModels */,
				D9645675240D964400F99C64 /* Views */,
				D9645679240D969300F99C64 /* Utils */,
				D964567A240D96B400F99C64 /* Assets */,
			);
			path = CV;
			sourceTree = "<group>";
		};
		D964565B240D535C00F99C64 /* CVTests */ = {
			isa = PBXGroup;
			children = (
				D98697DD24101BA900C58956 /* Assets */,
				D98697DA24101B1100C58956 /* Helpers */,
				D98697CF24100C6F00C58956 /* CVAPITests.swift */,
				D964565E240D535C00F99C64 /* Info.plist */,
				D98697D4241015AC00C58956 /* CVTests.swift */,
				D98697E324101D4900C58956 /* WorkEntryTests.swift */,
				D98697E524103CF000C58956 /* CVListViewModelTests.swift */,
				D969F15824104EEF00F42375 /* CVDetailsViewModelTests.swift */,
				D969F15E2410615E00F42375 /* CourseTests.swift */,
				D969F1662410634800F42375 /* TrainingTests.swift */,
			);
			path = CVTests;
			sourceTree = "<group>";
		};
		D9645675240D964400F99C64 /* Views */ = {
			isa = PBXGroup;
			children = (
				D964569A240E973F00F99C64 /* Cells */,
				D964564B240D535B00F99C64 /* Main.storyboard */,
				D964567B240D9D0900F99C64 /* CVListViewController.swift */,
				D964569D240E9BCE00F99C64 /* CVDetailsViewController.swift */,
			);
			path = Views;
			sourceTree = "<group>";
		};
		D9645676240D965100F99C64 /* Modules */ = {
			isa = PBXGroup;
			children = (
				D964568C240E6A4700F99C64 /* CVAPI.swift */,
				D964568E240E6ADD00F99C64 /* CVGistService.swift */,
				D9645696240E836600F99C64 /* CVLocalService.swift */,
				D96456A1240E9C9600F99C64 /* AppRouter.swift */,
			);
			path = Modules;
			sourceTree = "<group>";
		};
		D9645677240D965700F99C64 /* ViewModels */ = {
			isa = PBXGroup;
			children = (
				D964567D240D9D6900F99C64 /* CVListViewModel.swift */,
				D964569F240E9BE400F99C64 /* CVDetailsViewModel.swift */,
				D96456A9240FBFEC00F99C64 /* CellDisplayableViewModel.swift */,
			);
			path = ViewModels;
			sourceTree = "<group>";
		};
		D9645679240D969300F99C64 /* Utils */ = {
			isa = PBXGroup;
			children = (
				D9645653240D535C00F99C64 /* Info.plist */,
				D9645650240D535C00F99C64 /* LaunchScreen.storyboard */,
				D9645645240D535B00F99C64 /* AppDelegate.swift */,
				D9645690240E6DB100F99C64 /* URLs.swift */,
				D9645694240E75EB00F99C64 /* DateFormatter+Extensions.swift */,
				D96456AB240FF84400F99C64 /* Date+Extensions.swift */,
				D96456AD240FFD9C00F99C64 /* UIImageView+Extensions.swift */,
				D9645698240E839400F99C64 /* LocalCVList.json */,
				D969F16D2410F35300F42375 /* String+Localized.swift */,
			);
			path = Utils;
			sourceTree = "<group>";
		};
		D964567A240D96B400F99C64 /* Assets */ = {
			isa = PBXGroup;
			children = (
				D964564E240D535C00F99C64 /* Assets.xcassets */,
				D969F16C2410F2D000F42375 /* Localizable.strings */,
			);
			path = Assets;
			sourceTree = "<group>";
		};
		D964567F240E5CF000F99C64 /* Models */ = {
			isa = PBXGroup;
			children = (
				D9645680240E5D0C00F99C64 /* CV.swift */,
				D9645682240E5D5600F99C64 /* WorkEntry.swift */,
				D9645684240E5D6F00F99C64 /* Person.swift */,
				D9645686240E5D8700F99C64 /* Skill.swift */,
				D9645688240E5DA100F99C64 /* Course.swift */,
				D964568A240E5DA800F99C64 /* Training.swift */,
				D9645692240E732900F99C64 /* CVListResponse.swift */,
				D96456A7240FBCA300F99C64 /* CellDisplayable.swift */,
			);
			path = Models;
			sourceTree = "<group>";
		};
		D964569A240E973F00F99C64 /* Cells */ = {
			isa = PBXGroup;
			children = (
				D964569B240E975A00F99C64 /* CVListCell.swift */,
				D96456A5240FBB6E00F99C64 /* CVDetailCell.swift */,
			);
			path = Cells;
			sourceTree = "<group>";
		};
		D98697DA24101B1100C58956 /* Helpers */ = {
			isa = PBXGroup;
			children = (
				D98697D22410148400C58956 /* CV+Tests.swift */,
				D98697DB24101B2D00C58956 /* FileDeserialiser.swift */,
				D98697DE24101BCC00C58956 /* WorkEntry+Tests.swift */,
				D969F15C241060FB00F42375 /* Course+Tests.swift */,
				D969F164241062F000F42375 /* Training+Tests.swift */,
			);
			path = Helpers;
			sourceTree = "<group>";
		};
		D98697DD24101BA900C58956 /* Assets */ = {
			isa = PBXGroup;
			children = (
				D98697D6241015F700C58956 /* CVOnlyPerson.json */,
				D98697E024101C4900C58956 /* ExampleWorkEntry.json */,
				D969F15A241060D500F42375 /* ExampleCourse.json */,
				D969F161241062C800F42375 /* ExampleTraining.json */,
			);
			path = Assets;
			sourceTree = "<group>";
		};
/* End PBXGroup section */

/* Begin PBXNativeTarget section */
		D9645641240D535B00F99C64 /* CV */ = {
			isa = PBXNativeTarget;
			buildConfigurationList = D964566C240D535C00F99C64 /* Build configuration list for PBXNativeTarget "CV" */;
			buildPhases = (
				D964563E240D535B00F99C64 /* Sources */,
				D964563F240D535B00F99C64 /* Frameworks */,
				D9645640240D535B00F99C64 /* Resources */,
			);
			buildRules = (
			);
			dependencies = (
			);
			name = CV;
			productName = CV;
			productReference = D9645642240D535B00F99C64 /* CV.app */;
			productType = "com.apple.product-type.application";
		};
		D9645657240D535C00F99C64 /* CVTests */ = {
			isa = PBXNativeTarget;
			buildConfigurationList = D964566F240D535C00F99C64 /* Build configuration list for PBXNativeTarget "CVTests" */;
			buildPhases = (
				D9645654240D535C00F99C64 /* Sources */,
				D9645655240D535C00F99C64 /* Frameworks */,
				D9645656240D535C00F99C64 /* Resources */,
			);
			buildRules = (
			);
			dependencies = (
				D964565A240D535C00F99C64 /* PBXTargetDependency */,
			);
			name = CVTests;
			productName = CVTests;
			productReference = D9645658240D535C00F99C64 /* CVTests.xctest */;
			productType = "com.apple.product-type.bundle.unit-test";
		};
/* End PBXNativeTarget section */

/* Begin PBXProject section */
		D964563A240D535B00F99C64 /* Project object */ = {
			isa = PBXProject;
			attributes = {
				LastSwiftUpdateCheck = 1100;
				LastUpgradeCheck = 1100;
				ORGANIZATIONNAME = "Bazyl Reinstein";
				TargetAttributes = {
					D9645641240D535B00F99C64 = {
						CreatedOnToolsVersion = 11.0;
					};
					D9645657240D535C00F99C64 = {
						CreatedOnToolsVersion = 11.0;
						TestTargetID = D9645641240D535B00F99C64;
					};
				};
			};
			buildConfigurationList = D964563D240D535B00F99C64 /* Build configuration list for PBXProject "CV" */;
			compatibilityVersion = "Xcode 9.3";
			developmentRegion = en;
			hasScannedForEncodings = 0;
			knownRegions = (
				en,
				Base,
			);
			mainGroup = D9645639240D535B00F99C64;
			productRefGroup = D9645643240D535B00F99C64 /* Products */;
			projectDirPath = "";
			projectRoot = "";
			targets = (
				D9645641240D535B00F99C64 /* CV */,
				D9645657240D535C00F99C64 /* CVTests */,
			);
		};
/* End PBXProject section */

/* Begin PBXResourcesBuildPhase section */
		D9645640240D535B00F99C64 /* Resources */ = {
			isa = PBXResourcesBuildPhase;
			buildActionMask = 2147483647;
			files = (
				D98697E224101D3700C58956 /* ExampleWorkEntry.json in Resources */,
				D9645699240E839400F99C64 /* LocalCVList.json in Resources */,
				D9645652240D535C00F99C64 /* LaunchScreen.storyboard in Resources */,
				D964564F240D535C00F99C64 /* Assets.xcassets in Resources */,
				D969F16A2410F2D000F42375 /* Localizable.strings in Resources */,
				D969F162241062C800F42375 /* ExampleTraining.json in Resources */,
				D98697D924101A5300C58956 /* CVOnlyPerson.json in Resources */,
				D964564D240D535B00F99C64 /* Main.storyboard in Resources */,
				D969F160241061B400F42375 /* ExampleCourse.json in Resources */,
			);
			runOnlyForDeploymentPostprocessing = 0;
		};
		D9645656240D535C00F99C64 /* Resources */ = {
			isa = PBXResourcesBuildPhase;
			buildActionMask = 2147483647;
			files = (
				D98697D7241015F700C58956 /* CVOnlyPerson.json in Resources */,
				D98697E124101C4900C58956 /* ExampleWorkEntry.json in Resources */,
				D98697D124100D0C00C58956 /* LocalCVList.json in Resources */,
				D969F15B241060D500F42375 /* ExampleCourse.json in Resources */,
				D969F163241062C800F42375 /* ExampleTraining.json in Resources */,
			);
			runOnlyForDeploymentPostprocessing = 0;
		};
/* End PBXResourcesBuildPhase section */

/* Begin PBXSourcesBuildPhase section */
		D964563E240D535B00F99C64 /* Sources */ = {
			isa = PBXSourcesBuildPhase;
			buildActionMask = 2147483647;
			files = (
				D96456A8240FBCA300F99C64 /* CellDisplayable.swift in Sources */,
				D9645689240E5DA100F99C64 /* Course.swift in Sources */,
				D9645691240E6DB100F99C64 /* URLs.swift in Sources */,
				D964569E240E9BCE00F99C64 /* CVDetailsViewController.swift in Sources */,
				D964568D240E6A4700F99C64 /* CVAPI.swift in Sources */,
				D9645646240D535B00F99C64 /* AppDelegate.swift in Sources */,
				D96456AE240FFD9C00F99C64 /* UIImageView+Extensions.swift in Sources */,
				D9645697240E836600F99C64 /* CVLocalService.swift in Sources */,
				D964567E240D9D6900F99C64 /* CVListViewModel.swift in Sources */,
				D964568F240E6ADD00F99C64 /* CVGistService.swift in Sources */,
				D96456A2240E9C9600F99C64 /* AppRouter.swift in Sources */,
				D96456AC240FF84400F99C64 /* Date+Extensions.swift in Sources */,
				D964567C240D9D0900F99C64 /* CVListViewController.swift in Sources */,
				D96456AA240FBFEC00F99C64 /* CellDisplayableViewModel.swift in Sources */,
				D969F16E2410F35300F42375 /* String+Localized.swift in Sources */,
				D9645683240E5D5600F99C64 /* WorkEntry.swift in Sources */,
				D9645685240E5D6F00F99C64 /* Person.swift in Sources */,
				D9645681240E5D0C00F99C64 /* CV.swift in Sources */,
				D96456A0240E9BE400F99C64 /* CVDetailsViewModel.swift in Sources */,
				D9645693240E732900F99C64 /* CVListResponse.swift in Sources */,
				D9645687240E5D8700F99C64 /* Skill.swift in Sources */,
				D964568B240E5DA800F99C64 /* Training.swift in Sources */,
				D96456A6240FBB6E00F99C64 /* CVDetailCell.swift in Sources */,
				D9645695240E75EB00F99C64 /* DateFormatter+Extensions.swift in Sources */,
				D964569C240E975A00F99C64 /* CVListCell.swift in Sources */,
			);
			runOnlyForDeploymentPostprocessing = 0;
		};
		D9645654240D535C00F99C64 /* Sources */ = {
			isa = PBXSourcesBuildPhase;
			buildActionMask = 2147483647;
			files = (
				D98697D32410148400C58956 /* CV+Tests.swift in Sources */,
				D98697E424101D4900C58956 /* WorkEntryTests.swift in Sources */,
				D98697DC24101B2D00C58956 /* FileDeserialiser.swift in Sources */,
				D98697DF24101BCC00C58956 /* WorkEntry+Tests.swift in Sources */,
				D98697D5241015AC00C58956 /* CVTests.swift in Sources */,
				D98697E624103CF000C58956 /* CVListViewModelTests.swift in Sources */,
				D969F15F2410615E00F42375 /* CourseTests.swift in Sources */,
				D969F15924104EEF00F42375 /* CVDetailsViewModelTests.swift in Sources */,
				D969F15D241060FB00F42375 /* Course+Tests.swift in Sources */,
				D969F1672410634800F42375 /* TrainingTests.swift in Sources */,
				D969F165241062F000F42375 /* Training+Tests.swift in Sources */,
				D98697D024100C6F00C58956 /* CVAPITests.swift in Sources */,
			);
			runOnlyForDeploymentPostprocessing = 0;
		};
/* End PBXSourcesBuildPhase section */

/* Begin PBXTargetDependency section */
		D964565A240D535C00F99C64 /* PBXTargetDependency */ = {
			isa = PBXTargetDependency;
			target = D9645641240D535B00F99C64 /* CV */;
			targetProxy = D9645659240D535C00F99C64 /* PBXContainerItemProxy */;
		};
/* End PBXTargetDependency section */

/* Begin PBXVariantGroup section */
		D964564B240D535B00F99C64 /* Main.storyboard */ = {
			isa = PBXVariantGroup;
			children = (
				D964564C240D535B00F99C64 /* Base */,
			);
			name = Main.storyboard;
			sourceTree = "<group>";
		};
		D9645650240D535C00F99C64 /* LaunchScreen.storyboard */ = {
			isa = PBXVariantGroup;
			children = (
				D9645651240D535C00F99C64 /* Base */,
			);
			name = LaunchScreen.storyboard;
			sourceTree = "<group>";
		};
		D969F16C2410F2D000F42375 /* Localizable.strings */ = {
			isa = PBXVariantGroup;
			children = (
				D969F16B2410F2D000F42375 /* en */,
			);
			name = Localizable.strings;
			sourceTree = "<group>";
		};
/* End PBXVariantGroup section */

/* Begin XCBuildConfiguration section */
		D964566A240D535C00F99C64 /* Debug */ = {
			isa = XCBuildConfiguration;
			buildSettings = {
				ALWAYS_SEARCH_USER_PATHS = NO;
				CLANG_ANALYZER_NONNULL = YES;
				CLANG_ANALYZER_NUMBER_OBJECT_CONVERSION = YES_AGGRESSIVE;
				CLANG_CXX_LANGUAGE_STANDARD = "gnu++14";
				CLANG_CXX_LIBRARY = "libc++";
				CLANG_ENABLE_MODULES = YES;
				CLANG_ENABLE_OBJC_ARC = YES;
				CLANG_ENABLE_OBJC_WEAK = YES;
				CLANG_WARN_BLOCK_CAPTURE_AUTORELEASING = YES;
				CLANG_WARN_BOOL_CONVERSION = YES;
				CLANG_WARN_COMMA = YES;
				CLANG_WARN_CONSTANT_CONVERSION = YES;
				CLANG_WARN_DEPRECATED_OBJC_IMPLEMENTATIONS = YES;
				CLANG_WARN_DIRECT_OBJC_ISA_USAGE = YES_ERROR;
				CLANG_WARN_DOCUMENTATION_COMMENTS = YES;
				CLANG_WARN_EMPTY_BODY = YES;
				CLANG_WARN_ENUM_CONVERSION = YES;
				CLANG_WARN_INFINITE_RECURSION = YES;
				CLANG_WARN_INT_CONVERSION = YES;
				CLANG_WARN_NON_LITERAL_NULL_CONVERSION = YES;
				CLANG_WARN_OBJC_IMPLICIT_RETAIN_SELF = YES;
				CLANG_WARN_OBJC_LITERAL_CONVERSION = YES;
				CLANG_WARN_OBJC_ROOT_CLASS = YES_ERROR;
				CLANG_WARN_RANGE_LOOP_ANALYSIS = YES;
				CLANG_WARN_STRICT_PROTOTYPES = YES;
				CLANG_WARN_SUSPICIOUS_MOVE = YES;
				CLANG_WARN_UNGUARDED_AVAILABILITY = YES_AGGRESSIVE;
				CLANG_WARN_UNREACHABLE_CODE = YES;
				CLANG_WARN__DUPLICATE_METHOD_MATCH = YES;
				COPY_PHASE_STRIP = NO;
				DEBUG_INFORMATION_FORMAT = dwarf;
				ENABLE_STRICT_OBJC_MSGSEND = YES;
				ENABLE_TESTABILITY = YES;
				GCC_C_LANGUAGE_STANDARD = gnu11;
				GCC_DYNAMIC_NO_PIC = NO;
				GCC_NO_COMMON_BLOCKS = YES;
				GCC_OPTIMIZATION_LEVEL = 0;
				GCC_PREPROCESSOR_DEFINITIONS = (
					"DEBUG=1",
					"$(inherited)",
				);
				GCC_WARN_64_TO_32_BIT_CONVERSION = YES;
				GCC_WARN_ABOUT_RETURN_TYPE = YES_ERROR;
				GCC_WARN_UNDECLARED_SELECTOR = YES;
				GCC_WARN_UNINITIALIZED_AUTOS = YES_AGGRESSIVE;
				GCC_WARN_UNUSED_FUNCTION = YES;
				GCC_WARN_UNUSED_VARIABLE = YES;
				IPHONEOS_DEPLOYMENT_TARGET = 13.0;
				MTL_ENABLE_DEBUG_INFO = INCLUDE_SOURCE;
				MTL_FAST_MATH = YES;
				ONLY_ACTIVE_ARCH = YES;
				SDKROOT = iphoneos;
				SWIFT_ACTIVE_COMPILATION_CONDITIONS = DEBUG;
				SWIFT_OPTIMIZATION_LEVEL = "-Onone";
			};
			name = Debug;
		};
		D964566B240D535C00F99C64 /* Release */ = {
			isa = XCBuildConfiguration;
			buildSettings = {
				ALWAYS_SEARCH_USER_PATHS = NO;
				CLANG_ANALYZER_NONNULL = YES;
				CLANG_ANALYZER_NUMBER_OBJECT_CONVERSION = YES_AGGRESSIVE;
				CLANG_CXX_LANGUAGE_STANDARD = "gnu++14";
				CLANG_CXX_LIBRARY = "libc++";
				CLANG_ENABLE_MODULES = YES;
				CLANG_ENABLE_OBJC_ARC = YES;
				CLANG_ENABLE_OBJC_WEAK = YES;
				CLANG_WARN_BLOCK_CAPTURE_AUTORELEASING = YES;
				CLANG_WARN_BOOL_CONVERSION = YES;
				CLANG_WARN_COMMA = YES;
				CLANG_WARN_CONSTANT_CONVERSION = YES;
				CLANG_WARN_DEPRECATED_OBJC_IMPLEMENTATIONS = YES;
				CLANG_WARN_DIRECT_OBJC_ISA_USAGE = YES_ERROR;
				CLANG_WARN_DOCUMENTATION_COMMENTS = YES;
				CLANG_WARN_EMPTY_BODY = YES;
				CLANG_WARN_ENUM_CONVERSION = YES;
				CLANG_WARN_INFINITE_RECURSION = YES;
				CLANG_WARN_INT_CONVERSION = YES;
				CLANG_WARN_NON_LITERAL_NULL_CONVERSION = YES;
				CLANG_WARN_OBJC_IMPLICIT_RETAIN_SELF = YES;
				CLANG_WARN_OBJC_LITERAL_CONVERSION = YES;
				CLANG_WARN_OBJC_ROOT_CLASS = YES_ERROR;
				CLANG_WARN_RANGE_LOOP_ANALYSIS = YES;
				CLANG_WARN_STRICT_PROTOTYPES = YES;
				CLANG_WARN_SUSPICIOUS_MOVE = YES;
				CLANG_WARN_UNGUARDED_AVAILABILITY = YES_AGGRESSIVE;
				CLANG_WARN_UNREACHABLE_CODE = YES;
				CLANG_WARN__DUPLICATE_METHOD_MATCH = YES;
				COPY_PHASE_STRIP = NO;
				DEBUG_INFORMATION_FORMAT = "dwarf-with-dsym";
				ENABLE_NS_ASSERTIONS = NO;
				ENABLE_STRICT_OBJC_MSGSEND = YES;
				GCC_C_LANGUAGE_STANDARD = gnu11;
				GCC_NO_COMMON_BLOCKS = YES;
				GCC_WARN_64_TO_32_BIT_CONVERSION = YES;
				GCC_WARN_ABOUT_RETURN_TYPE = YES_ERROR;
				GCC_WARN_UNDECLARED_SELECTOR = YES;
				GCC_WARN_UNINITIALIZED_AUTOS = YES_AGGRESSIVE;
				GCC_WARN_UNUSED_FUNCTION = YES;
				GCC_WARN_UNUSED_VARIABLE = YES;
				IPHONEOS_DEPLOYMENT_TARGET = 13.0;
				MTL_ENABLE_DEBUG_INFO = NO;
				MTL_FAST_MATH = YES;
				SDKROOT = iphoneos;
				SWIFT_COMPILATION_MODE = wholemodule;
				SWIFT_OPTIMIZATION_LEVEL = "-O";
				VALIDATE_PRODUCT = YES;
			};
			name = Release;
		};
		D964566D240D535C00F99C64 /* Debug */ = {
			isa = XCBuildConfiguration;
			buildSettings = {
				ASSETCATALOG_COMPILER_APPICON_NAME = AppIcon;
				CODE_SIGN_STYLE = Automatic;
				INFOPLIST_FILE = CV/Utils/Info.plist;
				LD_RUNPATH_SEARCH_PATHS = (
					"$(inherited)",
					"@executable_path/Frameworks",
				);
				PRODUCT_BUNDLE_IDENTIFIER = com.reinstein.CV;
				PRODUCT_NAME = "$(TARGET_NAME)";
				SWIFT_VERSION = 5.0;
				TARGETED_DEVICE_FAMILY = "1,2";
			};
			name = Debug;
		};
		D964566E240D535C00F99C64 /* Release */ = {
			isa = XCBuildConfiguration;
			buildSettings = {
				ASSETCATALOG_COMPILER_APPICON_NAME = AppIcon;
				CODE_SIGN_STYLE = Automatic;
				INFOPLIST_FILE = CV/Utils/Info.plist;
				LD_RUNPATH_SEARCH_PATHS = (
					"$(inherited)",
					"@executable_path/Frameworks",
				);
				PRODUCT_BUNDLE_IDENTIFIER = com.reinstein.CV;
				PRODUCT_NAME = "$(TARGET_NAME)";
				SWIFT_VERSION = 5.0;
				TARGETED_DEVICE_FAMILY = "1,2";
			};
			name = Release;
		};
		D9645670240D535C00F99C64 /* Debug */ = {
			isa = XCBuildConfiguration;
			buildSettings = {
				ALWAYS_EMBED_SWIFT_STANDARD_LIBRARIES = YES;
				BUNDLE_LOADER = "$(TEST_HOST)";
				CODE_SIGN_STYLE = Automatic;
				INFOPLIST_FILE = CVTests/Info.plist;
				IPHONEOS_DEPLOYMENT_TARGET = 13.0;
				LD_RUNPATH_SEARCH_PATHS = (
					"$(inherited)",
					"@executable_path/Frameworks",
					"@loader_path/Frameworks",
				);
				PRODUCT_BUNDLE_IDENTIFIER = com.reinstein.CVTests;
				PRODUCT_NAME = "$(TARGET_NAME)";
				SWIFT_VERSION = 5.0;
				TARGETED_DEVICE_FAMILY = "1,2";
				TEST_HOST = "$(BUILT_PRODUCTS_DIR)/CV.app/CV";
			};
			name = Debug;
		};
		D9645671240D535C00F99C64 /* Release */ = {
			isa = XCBuildConfiguration;
			buildSettings = {
				ALWAYS_EMBED_SWIFT_STANDARD_LIBRARIES = YES;
				BUNDLE_LOADER = "$(TEST_HOST)";
				CODE_SIGN_STYLE = Automatic;
				INFOPLIST_FILE = CVTests/Info.plist;
				IPHONEOS_DEPLOYMENT_TARGET = 13.0;
				LD_RUNPATH_SEARCH_PATHS = (
					"$(inherited)",
					"@executable_path/Frameworks",
					"@loader_path/Frameworks",
				);
				PRODUCT_BUNDLE_IDENTIFIER = com.reinstein.CVTests;
				PRODUCT_NAME = "$(TARGET_NAME)";
				SWIFT_VERSION = 5.0;
				TARGETED_DEVICE_FAMILY = "1,2";
				TEST_HOST = "$(BUILT_PRODUCTS_DIR)/CV.app/CV";
			};
			name = Release;
		};
/* End XCBuildConfiguration section */

/* Begin XCConfigurationList section */
		D964563D240D535B00F99C64 /* Build configuration list for PBXProject "CV" */ = {
			isa = XCConfigurationList;
			buildConfigurations = (
				D964566A240D535C00F99C64 /* Debug */,
				D964566B240D535C00F99C64 /* Release */,
			);
			defaultConfigurationIsVisible = 0;
			defaultConfigurationName = Release;
		};
		D964566C240D535C00F99C64 /* Build configuration list for PBXNativeTarget "CV" */ = {
			isa = XCConfigurationList;
			buildConfigurations = (
				D964566D240D535C00F99C64 /* Debug */,
				D964566E240D535C00F99C64 /* Release */,
			);
			defaultConfigurationIsVisible = 0;
			defaultConfigurationName = Release;
		};
		D964566F240D535C00F99C64 /* Build configuration list for PBXNativeTarget "CVTests" */ = {
			isa = XCConfigurationList;
			buildConfigurations = (
				D9645670240D535C00F99C64 /* Debug */,
				D9645671240D535C00F99C64 /* Release */,
			);
			defaultConfigurationIsVisible = 0;
			defaultConfigurationName = Release;
		};
/* End XCConfigurationList section */
	};
	rootObject = D964563A240D535B00F99C64 /* Project object */;
}
