// !$*UTF8*$!
{
	archiveVersion = 1;
	classes = {
	};
	objectVersion = 50;
	objects = {

/* Begin PBXBuildFile section */
		D9645646240D535B00F99C64 /* AppDelegate.swift in Sources */ = {isa = PBXBuildFile; fileRef = D9645645240D535B00F99C64 /* AppDelegate.swift */; };
		D964564D240D535B00F99C64 /* Main.storyboard in Resources */ = {isa = PBXBuildFile; fileRef = D964564B240D535B00F99C64 /* Main.storyboard */; };
		D964564F240D535C00F99C64 /* Assets.xcassets in Resources */ = {isa = PBXBuildFile; fileRef = D964564E240D535C00F99C64 /* Assets.xcassets */; };
		D9645652240D535C00F99C64 /* LaunchScreen.storyboard in Resources */ = {isa = PBXBuildFile; fileRef = D9645650240D535C00F99C64 /* LaunchScreen.storyboard */; };
		D964565D240D535C00F99C64 /* CVTests.swift in Sources */ = {isa = PBXBuildFile; fileRef = D964565C240D535C00F99C64 /* CVTests.swift */; };
		D9645668240D535C00F99C64 /* CVUITests.swift in Sources */ = {isa = PBXBuildFile; fileRef = D9645667240D535C00F99C64 /* CVUITests.swift */; };
		D964567C240D9D0900F99C64 /* CVListViewController.swift in Sources */ = {isa = PBXBuildFile; fileRef = D964567B240D9D0900F99C64 /* CVListViewController.swift */; };
		D964567E240D9D6900F99C64 /* CVListViewModel.swift in Sources */ = {isa = PBXBuildFile; fileRef = D964567D240D9D6900F99C64 /* CVListViewModel.swift */; };
		D9645681240E5D0C00F99C64 /* CV.swift in Sources */ = {isa = PBXBuildFile; fileRef = D9645680240E5D0C00F99C64 /* CV.swift */; };
		D9645683240E5D5600F99C64 /* WorkEntry.swift in Sources */ = {isa = PBXBuildFile; fileRef = D9645682240E5D5600F99C64 /* WorkEntry.swift */; };
		D9645685240E5D6F00F99C64 /* Person.swift in Sources */ = {isa = PBXBuildFile; fileRef = D9645684240E5D6F00F99C64 /* Person.swift */; };
		D9645687240E5D8700F99C64 /* Skill.swift in Sources */ = {isa = PBXBuildFile; fileRef = D9645686240E5D8700F99C64 /* Skill.swift */; };
		D9645689240E5DA100F99C64 /* Course.swift in Sources */ = {isa = PBXBuildFile; fileRef = D9645688240E5DA100F99C64 /* Course.swift */; };
		D964568B240E5DA800F99C64 /* Training.swift in Sources */ = {isa = PBXBuildFile; fileRef = D964568A240E5DA800F99C64 /* Training.swift */; };
		D964568D240E6A4700F99C64 /* CVAPI.swift in Sources */ = {isa = PBXBuildFile; fileRef = D964568C240E6A4700F99C64 /* CVAPI.swift */; };
		D964568F240E6ADD00F99C64 /* CVGistService.swift in Sources */ = {isa = PBXBuildFile; fileRef = D964568E240E6ADD00F99C64 /* CVGistService.swift */; };
		D9645691240E6DB100F99C64 /* URLs.swift in Sources */ = {isa = PBXBuildFile; fileRef = D9645690240E6DB100F99C64 /* URLs.swift */; };
		D9645693240E732900F99C64 /* CVListResponse.swift in Sources */ = {isa = PBXBuildFile; fileRef = D9645692240E732900F99C64 /* CVListResponse.swift */; };
		D9645695240E75EB00F99C64 /* DateFormatter+Extensions.swift in Sources */ = {isa = PBXBuildFile; fileRef = D9645694240E75EB00F99C64 /* DateFormatter+Extensions.swift */; };
		D9645697240E836600F99C64 /* CVLocalService.swift in Sources */ = {isa = PBXBuildFile; fileRef = D9645696240E836600F99C64 /* CVLocalService.swift */; };
		D9645699240E839400F99C64 /* LocalCVList.json in Resources */ = {isa = PBXBuildFile; fileRef = D9645698240E839400F99C64 /* LocalCVList.json */; };
		D964569C240E975A00F99C64 /* CVListCell.swift in Sources */ = {isa = PBXBuildFile; fileRef = D964569B240E975A00F99C64 /* CVListCell.swift */; };
		D964569E240E9BCE00F99C64 /* CVDetailsViewController.swift in Sources */ = {isa = PBXBuildFile; fileRef = D964569D240E9BCE00F99C64 /* CVDetailsViewController.swift */; };
		D96456A0240E9BE400F99C64 /* CVDetailsViewModel.swift in Sources */ = {isa = PBXBuildFile; fileRef = D964569F240E9BE400F99C64 /* CVDetailsViewModel.swift */; };
		D96456A2240E9C9600F99C64 /* AppRouter.swift in Sources */ = {isa = PBXBuildFile; fileRef = D96456A1240E9C9600F99C64 /* AppRouter.swift */; };
/* End PBXBuildFile section */

/* Begin PBXContainerItemProxy section */
		D9645659240D535C00F99C64 /* PBXContainerItemProxy */ = {
			isa = PBXContainerItemProxy;
			containerPortal = D964563A240D535B00F99C64 /* Project object */;
			proxyType = 1;
			remoteGlobalIDString = D9645641240D535B00F99C64;
			remoteInfo = CV;
		};
		D9645664240D535C00F99C64 /* PBXContainerItemProxy */ = {
			isa = PBXContainerItemProxy;
			containerPortal = D964563A240D535B00F99C64 /* Project object */;
			proxyType = 1;
			remoteGlobalIDString = D9645641240D535B00F99C64;
			remoteInfo = CV;
		};
/* End PBXContainerItemProxy section */

/* Begin PBXFileReference section */
		D9645642240D535B00F99C64 /* CV.app */ = {isa = PBXFileReference; explicitFileType = wrapper.application; includeInIndex = 0; path = CV.app; sourceTree = BUILT_PRODUCTS_DIR; };
		D9645645240D535B00F99C64 /* AppDelegate.swift */ = {isa = PBXFileReference; lastKnownFileType = sourcecode.swift; path = AppDelegate.swift; sourceTree = "<group>"; };
		D964564C240D535B00F99C64 /* Base */ = {isa = PBXFileReference; lastKnownFileType = file.storyboard; name = Base; path = Base.lproj/Main.storyboard; sourceTree = "<group>"; };
		D964564E240D535C00F99C64 /* Assets.xcassets */ = {isa = PBXFileReference; lastKnownFileType = folder.assetcatalog; path = Assets.xcassets; sourceTree = "<group>"; };
		D9645651240D535C00F99C64 /* Base */ = {isa = PBXFileReference; lastKnownFileType = file.storyboard; name = Base; path = Base.lproj/LaunchScreen.storyboard; sourceTree = "<group>"; };
		D9645653240D535C00F99C64 /* Info.plist */ = {isa = PBXFileReference; lastKnownFileType = text.plist.xml; path = Info.plist; sourceTree = "<group>"; };
		D9645658240D535C00F99C64 /* CVTests.xctest */ = {isa = PBXFileReference; explicitFileType = wrapper.cfbundle; includeInIndex = 0; path = CVTests.xctest; sourceTree = BUILT_PRODUCTS_DIR; };
		D964565C240D535C00F99C64 /* CVTests.swift */ = {isa = PBXFileReference; lastKnownFileType = sourcecode.swift; path = CVTests.swift; sourceTree = "<group>"; };
		D964565E240D535C00F99C64 /* Info.plist */ = {isa = PBXFileReference; lastKnownFileType = text.plist.xml; path = Info.plist; sourceTree = "<group>"; };
		D9645663240D535C00F99C64 /* CVUITests.xctest */ = {isa = PBXFileReference; explicitFileType = wrapper.cfbundle; includeInIndex = 0; path = CVUITests.xctest; sourceTree = BUILT_PRODUCTS_DIR; };
		D9645667240D535C00F99C64 /* CVUITests.swift */ = {isa = PBXFileReference; lastKnownFileType = sourcecode.swift; path = CVUITests.swift; sourceTree = "<group>"; };
		D9645669240D535C00F99C64 /* Info.plist */ = {isa = PBXFileReference; lastKnownFileType = text.plist.xml; path = Info.plist; sourceTree = "<group>"; };
		D964567B240D9D0900F99C64 /* CVListViewController.swift */ = {isa = PBXFileReference; lastKnownFileType = sourcecode.swift; path = CVListViewController.swift; sourceTree = "<group>"; };
		D964567D240D9D6900F99C64 /* CVListViewModel.swift */ = {isa = PBXFileReference; lastKnownFileType = sourcecode.swift; path = CVListViewModel.swift; sourceTree = "<group>"; };
		D9645680240E5D0C00F99C64 /* CV.swift */ = {isa = PBXFileReference; lastKnownFileType = sourcecode.swift; path = CV.swift; sourceTree = "<group>"; };
		D9645682240E5D5600F99C64 /* WorkEntry.swift */ = {isa = PBXFileReference; lastKnownFileType = sourcecode.swift; path = WorkEntry.swift; sourceTree = "<group>"; };
		D9645684240E5D6F00F99C64 /* Person.swift */ = {isa = PBXFileReference; lastKnownFileType = sourcecode.swift; path = Person.swift; sourceTree = "<group>"; };
		D9645686240E5D8700F99C64 /* Skill.swift */ = {isa = PBXFileReference; lastKnownFileType = sourcecode.swift; path = Skill.swift; sourceTree = "<group>"; };
		D9645688240E5DA100F99C64 /* Course.swift */ = {isa = PBXFileReference; lastKnownFileType = sourcecode.swift; path = Course.swift; sourceTree = "<group>"; };
		D964568A240E5DA800F99C64 /* Training.swift */ = {isa = PBXFileReference; lastKnownFileType = sourcecode.swift; path = Training.swift; sourceTree = "<group>"; };
		D964568C240E6A4700F99C64 /* CVAPI.swift */ = {isa = PBXFileReference; lastKnownFileType = sourcecode.swift; path = CVAPI.swift; sourceTree = "<group>"; };
		D964568E240E6ADD00F99C64 /* CVGistService.swift */ = {isa = PBXFileReference; lastKnownFileType = sourcecode.swift; path = CVGistService.swift; sourceTree = "<group>"; };
		D9645690240E6DB100F99C64 /* URLs.swift */ = {isa = PBXFileReference; lastKnownFileType = sourcecode.swift; path = URLs.swift; sourceTree = "<group>"; };
		D9645692240E732900F99C64 /* CVListResponse.swift */ = {isa = PBXFileReference; lastKnownFileType = sourcecode.swift; path = CVListResponse.swift; sourceTree = "<group>"; };
		D9645694240E75EB00F99C64 /* DateFormatter+Extensions.swift */ = {isa = PBXFileReference; lastKnownFileType = sourcecode.swift; path = "DateFormatter+Extensions.swift"; sourceTree = "<group>"; };
		D9645696240E836600F99C64 /* CVLocalService.swift */ = {isa = PBXFileReference; lastKnownFileType = sourcecode.swift; path = CVLocalService.swift; sourceTree = "<group>"; };
		D9645698240E839400F99C64 /* LocalCVList.json */ = {isa = PBXFileReference; lastKnownFileType = text.json; path = LocalCVList.json; sourceTree = "<group>"; };
		D964569B240E975A00F99C64 /* CVListCell.swift */ = {isa = PBXFileReference; lastKnownFileType = sourcecode.swift; path = CVListCell.swift; sourceTree = "<group>"; };
		D964569D240E9BCE00F99C64 /* CVDetailsViewController.swift */ = {isa = PBXFileReference; lastKnownFileType = sourcecode.swift; path = CVDetailsViewController.swift; sourceTree = "<group>"; };
		D964569F240E9BE400F99C64 /* CVDetailsViewModel.swift */ = {isa = PBXFileReference; lastKnownFileType = sourcecode.swift; path = CVDetailsViewModel.swift; sourceTree = "<group>"; };
		D96456A1240E9C9600F99C64 /* AppRouter.swift */ = {isa = PBXFileReference; lastKnownFileType = sourcecode.swift; path = AppRouter.swift; sourceTree = "<group>"; };
/* End PBXFileReference section */

/* Begin PBXFrameworksBuildPhase section */
		D964563F240D535B00F99C64 /* Frameworks */ = {
			isa = PBXFrameworksBuildPhase;
			buildActionMask = 2147483647;
			files = (
			);
			runOnlyForDeploymentPostprocessing = 0;
		};
		D9645655240D535C00F99C64 /* Frameworks */ = {
			isa = PBXFrameworksBuildPhase;
			buildActionMask = 2147483647;
			files = (
			);
			runOnlyForDeploymentPostprocessing = 0;
		};
		D9645660240D535C00F99C64 /* Frameworks */ = {
			isa = PBXFrameworksBuildPhase;
			buildActionMask = 2147483647;
			files = (
			);
			runOnlyForDeploymentPostprocessing = 0;
		};
/* End PBXFrameworksBuildPhase section */

/* Begin PBXGroup section */
		D9645639240D535B00F99C64 = {
			isa = PBXGroup;
			children = (
				D9645644240D535B00F99C64 /* CV */,
				D964565B240D535C00F99C64 /* CVTests */,
				D9645666240D535C00F99C64 /* CVUITests */,
				D9645643240D535B00F99C64 /* Products */,
			);
			sourceTree = "<group>";
		};
		D9645643240D535B00F99C64 /* Products */ = {
			isa = PBXGroup;
			children = (
				D9645642240D535B00F99C64 /* CV.app */,
				D9645658240D535C00F99C64 /* CVTests.xctest */,
				D9645663240D535C00F99C64 /* CVUITests.xctest */,
			);
			name = Products;
			sourceTree = "<group>";
		};
		D9645644240D535B00F99C64 /* CV */ = {
			isa = PBXGroup;
			children = (
				D9645676240D965100F99C64 /* Modules */,
				D964567F240E5CF000F99C64 /* Models */,
				D9645677240D965700F99C64 /* ViewModels */,
				D9645675240D964400F99C64 /* Views */,
				D9645679240D969300F99C64 /* Utils */,
				D964567A240D96B400F99C64 /* Assets */,
			);
			path = CV;
			sourceTree = "<group>";
		};
		D964565B240D535C00F99C64 /* CVTests */ = {
			isa = PBXGroup;
			children = (
				D964565C240D535C00F99C64 /* CVTests.swift */,
				D964565E240D535C00F99C64 /* Info.plist */,
			);
			path = CVTests;
			sourceTree = "<group>";
		};
		D9645666240D535C00F99C64 /* CVUITests */ = {
			isa = PBXGroup;
			children = (
				D9645667240D535C00F99C64 /* CVUITests.swift */,
				D9645669240D535C00F99C64 /* Info.plist */,
			);
			path = CVUITests;
			sourceTree = "<group>";
		};
		D9645675240D964400F99C64 /* Views */ = {
			isa = PBXGroup;
			children = (
				D964569A240E973F00F99C64 /* Cells */,
				D964564B240D535B00F99C64 /* Main.storyboard */,
				D964567B240D9D0900F99C64 /* CVListViewController.swift */,
				D964569D240E9BCE00F99C64 /* CVDetailsViewController.swift */,
			);
			path = Views;
			sourceTree = "<group>";
		};
		D9645676240D965100F99C64 /* Modules */ = {
			isa = PBXGroup;
			children = (
				D964568C240E6A4700F99C64 /* CVAPI.swift */,
				D964568E240E6ADD00F99C64 /* CVGistService.swift */,
				D9645696240E836600F99C64 /* CVLocalService.swift */,
				D96456A1240E9C9600F99C64 /* AppRouter.swift */,
			);
			path = Modules;
			sourceTree = "<group>";
		};
		D9645677240D965700F99C64 /* ViewModels */ = {
			isa = PBXGroup;
			children = (
				D964567D240D9D6900F99C64 /* CVListViewModel.swift */,
				D964569F240E9BE400F99C64 /* CVDetailsViewModel.swift */,
			);
			path = ViewModels;
			sourceTree = "<group>";
		};
		D9645679240D969300F99C64 /* Utils */ = {
			isa = PBXGroup;
			children = (
				D9645653240D535C00F99C64 /* Info.plist */,
				D9645650240D535C00F99C64 /* LaunchScreen.storyboard */,
				D9645645240D535B00F99C64 /* AppDelegate.swift */,
				D9645690240E6DB100F99C64 /* URLs.swift */,
				D9645694240E75EB00F99C64 /* DateFormatter+Extensions.swift */,
				D9645698240E839400F99C64 /* LocalCVList.json */,
			);
			path = Utils;
			sourceTree = "<group>";
		};
		D964567A240D96B400F99C64 /* Assets */ = {
			isa = PBXGroup;
			children = (
				D964564E240D535C00F99C64 /* Assets.xcassets */,
			);
			path = Assets;
			sourceTree = "<group>";
		};
		D964567F240E5CF000F99C64 /* Models */ = {
			isa = PBXGroup;
			children = (
				D9645680240E5D0C00F99C64 /* CV.swift */,
				D9645682240E5D5600F99C64 /* WorkEntry.swift */,
				D9645684240E5D6F00F99C64 /* Person.swift */,
				D9645686240E5D8700F99C64 /* Skill.swift */,
				D9645688240E5DA100F99C64 /* Course.swift */,
				D964568A240E5DA800F99C64 /* Training.swift */,
				D9645692240E732900F99C64 /* CVListResponse.swift */,
			);
			path = Models;
			sourceTree = "<group>";
		};
		D964569A240E973F00F99C64 /* Cells */ = {
			isa = PBXGroup;
			children = (
				D964569B240E975A00F99C64 /* CVListCell.swift */,
			);
			path = Cells;
			sourceTree = "<group>";
		};
/* End PBXGroup section */

/* Begin PBXNativeTarget section */
		D9645641240D535B00F99C64 /* CV */ = {
			isa = PBXNativeTarget;
			buildConfigurationList = D964566C240D535C00F99C64 /* Build configuration list for PBXNativeTarget "CV" */;
			buildPhases = (
				D964563E240D535B00F99C64 /* Sources */,
				D964563F240D535B00F99C64 /* Frameworks */,
				D9645640240D535B00F99C64 /* Resources */,
			);
			buildRules = (
			);
			dependencies = (
			);
			name = CV;
			productName = CV;
			productReference = D9645642240D535B00F99C64 /* CV.app */;
			productType = "com.apple.product-type.application";
		};
		D9645657240D535C00F99C64 /* CVTests */ = {
			isa = PBXNativeTarget;
			buildConfigurationList = D964566F240D535C00F99C64 /* Build configuration list for PBXNativeTarget "CVTests" */;
			buildPhases = (
				D9645654240D535C00F99C64 /* Sources */,
				D9645655240D535C00F99C64 /* Frameworks */,
				D9645656240D535C00F99C64 /* Resources */,
			);
			buildRules = (
			);
			dependencies = (
				D964565A240D535C00F99C64 /* PBXTargetDependency */,
			);
			name = CVTests;
			productName = CVTests;
			productReference = D9645658240D535C00F99C64 /* CVTests.xctest */;
			productType = "com.apple.product-type.bundle.unit-test";
		};
		D9645662240D535C00F99C64 /* CVUITests */ = {
			isa = PBXNativeTarget;
			buildConfigurationList = D9645672240D535C00F99C64 /* Build configuration list for PBXNativeTarget "CVUITests" */;
			buildPhases = (
				D964565F240D535C00F99C64 /* Sources */,
				D9645660240D535C00F99C64 /* Frameworks */,
				D9645661240D535C00F99C64 /* Resources */,
			);
			buildRules = (
			);
			dependencies = (
				D9645665240D535C00F99C64 /* PBXTargetDependency */,
			);
			name = CVUITests;
			productName = CVUITests;
			productReference = D9645663240D535C00F99C64 /* CVUITests.xctest */;
			productType = "com.apple.product-type.bundle.ui-testing";
		};
/* End PBXNativeTarget section */

/* Begin PBXProject section */
		D964563A240D535B00F99C64 /* Project object */ = {
			isa = PBXProject;
			attributes = {
				LastSwiftUpdateCheck = 1100;
				LastUpgradeCheck = 1100;
				ORGANIZATIONNAME = "Bazyl Reinstein";
				TargetAttributes = {
					D9645641240D535B00F99C64 = {
						CreatedOnToolsVersion = 11.0;
					};
					D9645657240D535C00F99C64 = {
						CreatedOnToolsVersion = 11.0;
						TestTargetID = D9645641240D535B00F99C64;
					};
					D9645662240D535C00F99C64 = {
						CreatedOnToolsVersion = 11.0;
						TestTargetID = D9645641240D535B00F99C64;
					};
				};
			};
			buildConfigurationList = D964563D240D535B00F99C64 /* Build configuration list for PBXProject "CV" */;
			compatibilityVersion = "Xcode 9.3";
			developmentRegion = en;
			hasScannedForEncodings = 0;
			knownRegions = (
				en,
				Base,
			);
			mainGroup = D9645639240D535B00F99C64;
			productRefGroup = D9645643240D535B00F99C64 /* Products */;
			projectDirPath = "";
			projectRoot = "";
			targets = (
				D9645641240D535B00F99C64 /* CV */,
				D9645657240D535C00F99C64 /* CVTests */,
				D9645662240D535C00F99C64 /* CVUITests */,
			);
		};
/* End PBXProject section */

/* Begin PBXResourcesBuildPhase section */
		D9645640240D535B00F99C64 /* Resources */ = {
			isa = PBXResourcesBuildPhase;
			buildActionMask = 2147483647;
			files = (
				D9645699240E839400F99C64 /* LocalCVList.json in Resources */,
				D9645652240D535C00F99C64 /* LaunchScreen.storyboard in Resources */,
				D964564F240D535C00F99C64 /* Assets.xcassets in Resources */,
				D964564D240D535B00F99C64 /* Main.storyboard in Resources */,
			);
			runOnlyForDeploymentPostprocessing = 0;
		};
		D9645656240D535C00F99C64 /* Resources */ = {
			isa = PBXResourcesBuildPhase;
			buildActionMask = 2147483647;
			files = (
			);
			runOnlyForDeploymentPostprocessing = 0;
		};
		D9645661240D535C00F99C64 /* Resources */ = {
			isa = PBXResourcesBuildPhase;
			buildActionMask = 2147483647;
			files = (
			);
			runOnlyForDeploymentPostprocessing = 0;
		};
/* End PBXResourcesBuildPhase section */

/* Begin PBXSourcesBuildPhase section */
		D964563E240D535B00F99C64 /* Sources */ = {
			isa = PBXSourcesBuildPhase;
			buildActionMask = 2147483647;
			files = (
				D9645689240E5DA100F99C64 /* Course.swift in Sources */,
				D9645691240E6DB100F99C64 /* URLs.swift in Sources */,
				D964569E240E9BCE00F99C64 /* CVDetailsViewController.swift in Sources */,
				D964568D240E6A4700F99C64 /* CVAPI.swift in Sources */,
				D9645646240D535B00F99C64 /* AppDelegate.swift in Sources */,
				D9645697240E836600F99C64 /* CVLocalService.swift in Sources */,
				D964567E240D9D6900F99C64 /* CVListViewModel.swift in Sources */,
				D964568F240E6ADD00F99C64 /* CVGistService.swift in Sources */,
				D96456A2240E9C9600F99C64 /* AppRouter.swift in Sources */,
				D964567C240D9D0900F99C64 /* CVListViewController.swift in Sources */,
				D9645683240E5D5600F99C64 /* WorkEntry.swift in Sources */,
				D9645685240E5D6F00F99C64 /* Person.swift in Sources */,
				D9645681240E5D0C00F99C64 /* CV.swift in Sources */,
				D96456A0240E9BE400F99C64 /* CVDetailsViewModel.swift in Sources */,
				D9645693240E732900F99C64 /* CVListResponse.swift in Sources */,
				D9645687240E5D8700F99C64 /* Skill.swift in Sources */,
				D964568B240E5DA800F99C64 /* Training.swift in Sources */,
				D9645695240E75EB00F99C64 /* DateFormatter+Extensions.swift in Sources */,
				D964569C240E975A00F99C64 /* CVListCell.swift in Sources */,
			);
			runOnlyForDeploymentPostprocessing = 0;
		};
		D9645654240D535C00F99C64 /* Sources */ = {
			isa = PBXSourcesBuildPhase;
			buildActionMask = 2147483647;
			files = (
				D964565D240D535C00F99C64 /* CVTests.swift in Sources */,
			);
			runOnlyForDeploymentPostprocessing = 0;
		};
		D964565F240D535C00F99C64 /* Sources */ = {
			isa = PBXSourcesBuildPhase;
			buildActionMask = 2147483647;
			files = (
				D9645668240D535C00F99C64 /* CVUITests.swift in Sources */,
			);
			runOnlyForDeploymentPostprocessing = 0;
		};
/* End PBXSourcesBuildPhase section */

/* Begin PBXTargetDependency section */
		D964565A240D535C00F99C64 /* PBXTargetDependency */ = {
			isa = PBXTargetDependency;
			target = D9645641240D535B00F99C64 /* CV */;
			targetProxy = D9645659240D535C00F99C64 /* PBXContainerItemProxy */;
		};
		D9645665240D535C00F99C64 /* PBXTargetDependency */ = {
			isa = PBXTargetDependency;
			target = D9645641240D535B00F99C64 /* CV */;
			targetProxy = D9645664240D535C00F99C64 /* PBXContainerItemProxy */;
		};
/* End PBXTargetDependency section */

/* Begin PBXVariantGroup section */
		D964564B240D535B00F99C64 /* Main.storyboard */ = {
			isa = PBXVariantGroup;
			children = (
				D964564C240D535B00F99C64 /* Base */,
			);
			name = Main.storyboard;
			sourceTree = "<group>";
		};
		D9645650240D535C00F99C64 /* LaunchScreen.storyboard */ = {
			isa = PBXVariantGroup;
			children = (
				D9645651240D535C00F99C64 /* Base */,
			);
			name = LaunchScreen.storyboard;
			sourceTree = "<group>";
		};
/* End PBXVariantGroup section */

/* Begin XCBuildConfiguration section */
		D964566A240D535C00F99C64 /* Debug */ = {
			isa = XCBuildConfiguration;
			buildSettings = {
				ALWAYS_SEARCH_USER_PATHS = NO;
				CLANG_ANALYZER_NONNULL = YES;
				CLANG_ANALYZER_NUMBER_OBJECT_CONVERSION = YES_AGGRESSIVE;
				CLANG_CXX_LANGUAGE_STANDARD = "gnu++14";
				CLANG_CXX_LIBRARY = "libc++";
				CLANG_ENABLE_MODULES = YES;
				CLANG_ENABLE_OBJC_ARC = YES;
				CLANG_ENABLE_OBJC_WEAK = YES;
				CLANG_WARN_BLOCK_CAPTURE_AUTORELEASING = YES;
				CLANG_WARN_BOOL_CONVERSION = YES;
				CLANG_WARN_COMMA = YES;
				CLANG_WARN_CONSTANT_CONVERSION = YES;
				CLANG_WARN_DEPRECATED_OBJC_IMPLEMENTATIONS = YES;
				CLANG_WARN_DIRECT_OBJC_ISA_USAGE = YES_ERROR;
				CLANG_WARN_DOCUMENTATION_COMMENTS = YES;
				CLANG_WARN_EMPTY_BODY = YES;
				CLANG_WARN_ENUM_CONVERSION = YES;
				CLANG_WARN_INFINITE_RECURSION = YES;
				CLANG_WARN_INT_CONVERSION = YES;
				CLANG_WARN_NON_LITERAL_NULL_CONVERSION = YES;
				CLANG_WARN_OBJC_IMPLICIT_RETAIN_SELF = YES;
				CLANG_WARN_OBJC_LITERAL_CONVERSION = YES;
				CLANG_WARN_OBJC_ROOT_CLASS = YES_ERROR;
				CLANG_WARN_RANGE_LOOP_ANALYSIS = YES;
				CLANG_WARN_STRICT_PROTOTYPES = YES;
				CLANG_WARN_SUSPICIOUS_MOVE = YES;
				CLANG_WARN_UNGUARDED_AVAILABILITY = YES_AGGRESSIVE;
				CLANG_WARN_UNREACHABLE_CODE = YES;
				CLANG_WARN__DUPLICATE_METHOD_MATCH = YES;
				COPY_PHASE_STRIP = NO;
				DEBUG_INFORMATION_FORMAT = dwarf;
				ENABLE_STRICT_OBJC_MSGSEND = YES;
				ENABLE_TESTABILITY = YES;
				GCC_C_LANGUAGE_STANDARD = gnu11;
				GCC_DYNAMIC_NO_PIC = NO;
				GCC_NO_COMMON_BLOCKS = YES;
				GCC_OPTIMIZATION_LEVEL = 0;
				GCC_PREPROCESSOR_DEFINITIONS = (
					"DEBUG=1",
					"$(inherited)",
				);
				GCC_WARN_64_TO_32_BIT_CONVERSION = YES;
				GCC_WARN_ABOUT_RETURN_TYPE = YES_ERROR;
				GCC_WARN_UNDECLARED_SELECTOR = YES;
				GCC_WARN_UNINITIALIZED_AUTOS = YES_AGGRESSIVE;
				GCC_WARN_UNUSED_FUNCTION = YES;
				GCC_WARN_UNUSED_VARIABLE = YES;
				IPHONEOS_DEPLOYMENT_TARGET = 13.0;
				MTL_ENABLE_DEBUG_INFO = INCLUDE_SOURCE;
				MTL_FAST_MATH = YES;
				ONLY_ACTIVE_ARCH = YES;
				SDKROOT = iphoneos;
				SWIFT_ACTIVE_COMPILATION_CONDITIONS = DEBUG;
				SWIFT_OPTIMIZATION_LEVEL = "-Onone";
			};
			name = Debug;
		};
		D964566B240D535C00F99C64 /* Release */ = {
			isa = XCBuildConfiguration;
			buildSettings = {
				ALWAYS_SEARCH_USER_PATHS = NO;
				CLANG_ANALYZER_NONNULL = YES;
				CLANG_ANALYZER_NUMBER_OBJECT_CONVERSION = YES_AGGRESSIVE;
				CLANG_CXX_LANGUAGE_STANDARD = "gnu++14";
				CLANG_CXX_LIBRARY = "libc++";
				CLANG_ENABLE_MODULES = YES;
				CLANG_ENABLE_OBJC_ARC = YES;
				CLANG_ENABLE_OBJC_WEAK = YES;
				CLANG_WARN_BLOCK_CAPTURE_AUTORELEASING = YES;
				CLANG_WARN_BOOL_CONVERSION = YES;
				CLANG_WARN_COMMA = YES;
				CLANG_WARN_CONSTANT_CONVERSION = YES;
				CLANG_WARN_DEPRECATED_OBJC_IMPLEMENTATIONS = YES;
				CLANG_WARN_DIRECT_OBJC_ISA_USAGE = YES_ERROR;
				CLANG_WARN_DOCUMENTATION_COMMENTS = YES;
				CLANG_WARN_EMPTY_BODY = YES;
				CLANG_WARN_ENUM_CONVERSION = YES;
				CLANG_WARN_INFINITE_RECURSION = YES;
				CLANG_WARN_INT_CONVERSION = YES;
				CLANG_WARN_NON_LITERAL_NULL_CONVERSION = YES;
				CLANG_WARN_OBJC_IMPLICIT_RETAIN_SELF = YES;
				CLANG_WARN_OBJC_LITERAL_CONVERSION = YES;
				CLANG_WARN_OBJC_ROOT_CLASS = YES_ERROR;
				CLANG_WARN_RANGE_LOOP_ANALYSIS = YES;
				CLANG_WARN_STRICT_PROTOTYPES = YES;
				CLANG_WARN_SUSPICIOUS_MOVE = YES;
				CLANG_WARN_UNGUARDED_AVAILABILITY = YES_AGGRESSIVE;
				CLANG_WARN_UNREACHABLE_CODE = YES;
				CLANG_WARN__DUPLICATE_METHOD_MATCH = YES;
				COPY_PHASE_STRIP = NO;
				DEBUG_INFORMATION_FORMAT = "dwarf-with-dsym";
				ENABLE_NS_ASSERTIONS = NO;
				ENABLE_STRICT_OBJC_MSGSEND = YES;
				GCC_C_LANGUAGE_STANDARD = gnu11;
				GCC_NO_COMMON_BLOCKS = YES;
				GCC_WARN_64_TO_32_BIT_CONVERSION = YES;
				GCC_WARN_ABOUT_RETURN_TYPE = YES_ERROR;
				GCC_WARN_UNDECLARED_SELECTOR = YES;
				GCC_WARN_UNINITIALIZED_AUTOS = YES_AGGRESSIVE;
				GCC_WARN_UNUSED_FUNCTION = YES;
				GCC_WARN_UNUSED_VARIABLE = YES;
				IPHONEOS_DEPLOYMENT_TARGET = 13.0;
				MTL_ENABLE_DEBUG_INFO = NO;
				MTL_FAST_MATH = YES;
				SDKROOT = iphoneos;
				SWIFT_COMPILATION_MODE = wholemodule;
				SWIFT_OPTIMIZATION_LEVEL = "-O";
				VALIDATE_PRODUCT = YES;
			};
			name = Release;
		};
		D964566D240D535C00F99C64 /* Debug */ = {
			isa = XCBuildConfiguration;
			buildSettings = {
				ASSETCATALOG_COMPILER_APPICON_NAME = AppIcon;
				CODE_SIGN_STYLE = Automatic;
				INFOPLIST_FILE = CV/Utils/Info.plist;
				LD_RUNPATH_SEARCH_PATHS = (
					"$(inherited)",
					"@executable_path/Frameworks",
				);
				PRODUCT_BUNDLE_IDENTIFIER = com.reinstein.CV;
				PRODUCT_NAME = "$(TARGET_NAME)";
				SWIFT_VERSION = 5.0;
				TARGETED_DEVICE_FAMILY = "1,2";
			};
			name = Debug;
		};
		D964566E240D535C00F99C64 /* Release */ = {
			isa = XCBuildConfiguration;
			buildSettings = {
				ASSETCATALOG_COMPILER_APPICON_NAME = AppIcon;
				CODE_SIGN_STYLE = Automatic;
				INFOPLIST_FILE = CV/Utils/Info.plist;
				LD_RUNPATH_SEARCH_PATHS = (
					"$(inherited)",
					"@executable_path/Frameworks",
				);
				PRODUCT_BUNDLE_IDENTIFIER = com.reinstein.CV;
				PRODUCT_NAME = "$(TARGET_NAME)";
				SWIFT_VERSION = 5.0;
				TARGETED_DEVICE_FAMILY = "1,2";
			};
			name = Release;
		};
		D9645670240D535C00F99C64 /* Debug */ = {
			isa = XCBuildConfiguration;
			buildSettings = {
				ALWAYS_EMBED_SWIFT_STANDARD_LIBRARIES = YES;
				BUNDLE_LOADER = "$(TEST_HOST)";
				CODE_SIGN_STYLE = Automatic;
				INFOPLIST_FILE = CVTests/Info.plist;
				IPHONEOS_DEPLOYMENT_TARGET = 13.0;
				LD_RUNPATH_SEARCH_PATHS = (
					"$(inherited)",
					"@executable_path/Frameworks",
					"@loader_path/Frameworks",
				);
				PRODUCT_BUNDLE_IDENTIFIER = com.reinstein.CVTests;
				PRODUCT_NAME = "$(TARGET_NAME)";
				SWIFT_VERSION = 5.0;
				TARGETED_DEVICE_FAMILY = "1,2";
				TEST_HOST = "$(BUILT_PRODUCTS_DIR)/CV.app/CV";
			};
			name = Debug;
		};
		D9645671240D535C00F99C64 /* Release */ = {
			isa = XCBuildConfiguration;
			buildSettings = {
				ALWAYS_EMBED_SWIFT_STANDARD_LIBRARIES = YES;
				BUNDLE_LOADER = "$(TEST_HOST)";
				CODE_SIGN_STYLE = Automatic;
				INFOPLIST_FILE = CVTests/Info.plist;
				IPHONEOS_DEPLOYMENT_TARGET = 13.0;
				LD_RUNPATH_SEARCH_PATHS = (
					"$(inherited)",
					"@executable_path/Frameworks",
					"@loader_path/Frameworks",
				);
				PRODUCT_BUNDLE_IDENTIFIER = com.reinstein.CVTests;
				PRODUCT_NAME = "$(TARGET_NAME)";
				SWIFT_VERSION = 5.0;
				TARGETED_DEVICE_FAMILY = "1,2";
				TEST_HOST = "$(BUILT_PRODUCTS_DIR)/CV.app/CV";
			};
			name = Release;
		};
		D9645673240D535C00F99C64 /* Debug */ = {
			isa = XCBuildConfiguration;
			buildSettings = {
				ALWAYS_EMBED_SWIFT_STANDARD_LIBRARIES = YES;
				CODE_SIGN_STYLE = Automatic;
				INFOPLIST_FILE = CVUITests/Info.plist;
				LD_RUNPATH_SEARCH_PATHS = (
					"$(inherited)",
					"@executable_path/Frameworks",
					"@loader_path/Frameworks",
				);
				PRODUCT_BUNDLE_IDENTIFIER = com.reinstein.CVUITests;
				PRODUCT_NAME = "$(TARGET_NAME)";
				SWIFT_VERSION = 5.0;
				TARGETED_DEVICE_FAMILY = "1,2";
				TEST_TARGET_NAME = CV;
			};
			name = Debug;
		};
		D9645674240D535C00F99C64 /* Release */ = {
			isa = XCBuildConfiguration;
			buildSettings = {
				ALWAYS_EMBED_SWIFT_STANDARD_LIBRARIES = YES;
				CODE_SIGN_STYLE = Automatic;
				INFOPLIST_FILE = CVUITests/Info.plist;
				LD_RUNPATH_SEARCH_PATHS = (
					"$(inherited)",
					"@executable_path/Frameworks",
					"@loader_path/Frameworks",
				);
				PRODUCT_BUNDLE_IDENTIFIER = com.reinstein.CVUITests;
				PRODUCT_NAME = "$(TARGET_NAME)";
				SWIFT_VERSION = 5.0;
				TARGETED_DEVICE_FAMILY = "1,2";
				TEST_TARGET_NAME = CV;
			};
			name = Release;
		};
/* End XCBuildConfiguration section */

/* Begin XCConfigurationList section */
		D964563D240D535B00F99C64 /* Build configuration list for PBXProject "CV" */ = {
			isa = XCConfigurationList;
			buildConfigurations = (
				D964566A240D535C00F99C64 /* Debug */,
				D964566B240D535C00F99C64 /* Release */,
			);
			defaultConfigurationIsVisible = 0;
			defaultConfigurationName = Release;
		};
		D964566C240D535C00F99C64 /* Build configuration list for PBXNativeTarget "CV" */ = {
			isa = XCConfigurationList;
			buildConfigurations = (
				D964566D240D535C00F99C64 /* Debug */,
				D964566E240D535C00F99C64 /* Release */,
			);
			defaultConfigurationIsVisible = 0;
			defaultConfigurationName = Release;
		};
		D964566F240D535C00F99C64 /* Build configuration list for PBXNativeTarget "CVTests" */ = {
			isa = XCConfigurationList;
			buildConfigurations = (
				D9645670240D535C00F99C64 /* Debug */,
				D9645671240D535C00F99C64 /* Release */,
			);
			defaultConfigurationIsVisible = 0;
			defaultConfigurationName = Release;
		};
		D9645672240D535C00F99C64 /* Build configuration list for PBXNativeTarget "CVUITests" */ = {
			isa = XCConfigurationList;
			buildConfigurations = (
				D9645673240D535C00F99C64 /* Debug */,
				D9645674240D535C00F99C64 /* Release */,
			);
			defaultConfigurationIsVisible = 0;
			defaultConfigurationName = Release;
		};
/* End XCConfigurationList section */
	};
	rootObject = D964563A240D535B00F99C64 /* Project object */;
}
